
Microsoft Visual Studio Solution File, Format Version 12.00
# Visual Studio Version 16
VisualStudioVersion = 16.0.34601.136
MinimumVisualStudioVersion = 10.0.40219.1
Project("{FAE04EC0-301F-11D3-BF4B-00C04F79EFBC}") = "Hotel Administrator", "Hotel Administrator.csproj", "{7471386F-DF7F-4D12-8E9D-C2B1157B1AB0}"
EndProject
Global
	GlobalSection(SolutionConfigurationPlatforms) = preSolution
		Debug|Any CPU = Debug|Any CPU
		Release|Any CPU = Release|Any CPU
	EndGlobalSection
	GlobalSection(ProjectConfigurationPlatforms) = postSolution
		{7471386F-DF7F-4D12-8E9D-C2B1157B1AB0}.Debug|Any CPU.ActiveCfg = Debug|Any CPU
		{7471386F-DF7F-4D12-8E9D-C2B1157B1AB0}.Debug|Any CPU.Build.0 = Debug|Any CPU
		{7471386F-DF7F-4D12-8E9D-C2B1157B1AB0}.Release|Any CPU.ActiveCfg = Release|Any CPU
		{7471386F-DF7F-4D12-8E9D-C2B1157B1AB0}.Release|Any CPU.Build.0 = Release|Any CPU
	EndGlobalSection
	GlobalSection(SolutionProperties) = preSolution
		HideSolutionNode = FALSE
	EndGlobalSection
	GlobalSection(ExtensibilityGlobals) = postSolution
		SolutionGuid = {583078EA-52D3-4C3F-B8BC-69C3CBD4A500}
	EndGlobalSection
EndGlobal
